
Microsoft Visual Studio Solution File, Format Version 12.00
# Visual Studio 15
Project("{FAE04EC0-301F-11D3-BF4B-00C04F79EFBC}") = "Assembly-CSharp", "Assembly-CSharp.csproj", "{C3BF0C6D-F1F2-CA8C-C378-0D24E5E310B9}"
EndProject
Project("{FAE04EC0-301F-11D3-BF4B-00C04F79EFBC}") = "Assembly-CSharp-Editor", "Assembly-CSharp-Editor.csproj", "{3D846DBD-4D23-B24A-4406-091D389C4EC0}"
EndProject
Global
	GlobalSection(SolutionConfigurationPlatforms) = preSolution
		Debug|Any CPU = Debug|Any CPU
		Release|Any CPU = Release|Any CPU
	EndGlobalSection
	GlobalSection(ProjectConfigurationPlatforms) = postSolution
		{C3BF0C6D-F1F2-CA8C-C378-0D24E5E310B9}.Debug|Any CPU.ActiveCfg = Debug|Any CPU
		{C3BF0C6D-F1F2-CA8C-C378-0D24E5E310B9}.Debug|Any CPU.Build.0 = Debug|Any CPU
		{C3BF0C6D-F1F2-CA8C-C378-0D24E5E310B9}.Release|Any CPU.ActiveCfg = Release|Any CPU
		{C3BF0C6D-F1F2-CA8C-C378-0D24E5E310B9}.Release|Any CPU.Build.0 = Release|Any CPU
		{3D846DBD-4D23-B24A-4406-091D389C4EC0}.Debug|Any CPU.ActiveCfg = Debug|Any CPU
		{3D846DBD-4D23-B24A-4406-091D389C4EC0}.Debug|Any CPU.Build.0 = Debug|Any CPU
		{3D846DBD-4D23-B24A-4406-091D389C4EC0}.Release|Any CPU.ActiveCfg = Release|Any CPU
		{3D846DBD-4D23-B24A-4406-091D389C4EC0}.Release|Any CPU.Build.0 = Release|Any CPU
	EndGlobalSection
	GlobalSection(SolutionProperties) = preSolution
		HideSolutionNode = FALSE
	EndGlobalSection
EndGlobal
